
Microsoft Visual Studio Solution File, Format Version 12.00
# Visual Studio Version 16
VisualStudioVersion = 16.0.34902.97
MinimumVisualStudioVersion = 10.0.40219.1
Project("{FAE04EC0-301F-11D3-BF4B-00C04F79EFBC}") = "OwnApp", "OwnApp\OwnApp.csproj", "{4ED849DC-942F-44B0-8B4E-61A989B9950D}"
EndProject
Global
	GlobalSection(SolutionConfigurationPlatforms) = preSolution
		Debug|Any CPU = Debug|Any CPU
		Release|Any CPU = Release|Any CPU
	EndGlobalSection
	GlobalSection(ProjectConfigurationPlatforms) = postSolution
		{4ED849DC-942F-44B0-8B4E-61A989B9950D}.Debug|Any CPU.ActiveCfg = Debug|Any CPU
		{4ED849DC-942F-44B0-8B4E-61A989B9950D}.Debug|Any CPU.Build.0 = Debug|Any CPU
		{4ED849DC-942F-44B0-8B4E-61A989B9950D}.Release|Any CPU.ActiveCfg = Release|Any CPU
		{4ED849DC-942F-44B0-8B4E-61A989B9950D}.Release|Any CPU.Build.0 = Release|Any CPU
	EndGlobalSection
	GlobalSection(SolutionProperties) = preSolution
		HideSolutionNode = FALSE
	EndGlobalSection
	GlobalSection(ExtensibilityGlobals) = postSolution
		SolutionGuid = {43038DB6-52A4-4AE7-A073-EC7555840C87}
	EndGlobalSection
EndGlobal
