
Microsoft Visual Studio Solution File, Format Version 12.00
# Visual Studio Version 16
VisualStudioVersion = 16.0.34902.97
MinimumVisualStudioVersion = 10.0.40219.1
Project("{FAE04EC0-301F-11D3-BF4B-00C04F79EFBC}") = "DAL", "DAL\DAL.csproj", "{3F4A9791-3042-4369-95D6-308DFB8BFE7B}"
EndProject
Global
	GlobalSection(SolutionConfigurationPlatforms) = preSolution
		Debug|Any CPU = Debug|Any CPU
		Release|Any CPU = Release|Any CPU
	EndGlobalSection
	GlobalSection(ProjectConfigurationPlatforms) = postSolution
		{3F4A9791-3042-4369-95D6-308DFB8BFE7B}.Debug|Any CPU.ActiveCfg = Debug|Any CPU
		{3F4A9791-3042-4369-95D6-308DFB8BFE7B}.Debug|Any CPU.Build.0 = Debug|Any CPU
		{3F4A9791-3042-4369-95D6-308DFB8BFE7B}.Release|Any CPU.ActiveCfg = Release|Any CPU
		{3F4A9791-3042-4369-95D6-308DFB8BFE7B}.Release|Any CPU.Build.0 = Release|Any CPU
	EndGlobalSection
	GlobalSection(SolutionProperties) = preSolution
		HideSolutionNode = FALSE
	EndGlobalSection
	GlobalSection(ExtensibilityGlobals) = postSolution
		SolutionGuid = {4B8272E3-E5D2-4632-A6EA-ED2C997710CD}
	EndGlobalSection
EndGlobal
